
Microsoft Visual Studio Solution File, Format Version 12.00
# Visual Studio Version 17
VisualStudioVersion = 17.10.35201.131
MinimumVisualStudioVersion = 10.0.40219.1
Project("{FAE04EC0-301F-11D3-BF4B-00C04F79EFBC}") = "Testing", "Testing.csproj", "{CBECA365-8147-43D9-ACC9-56A9984496A0}"
EndProject
Project("{FAE04EC0-301F-11D3-BF4B-00C04F79EFBC}") = "TUserManager", "TUserManager\TUserManager.csproj", "{12C52778-8613-4BCC-80CA-F71F30AF61E4}"
EndProject
Global
	GlobalSection(SolutionConfigurationPlatforms) = preSolution
		Debug|Any CPU = Debug|Any CPU
		Release|Any CPU = Release|Any CPU
	EndGlobalSection
	GlobalSection(ProjectConfigurationPlatforms) = postSolution
		{CBECA365-8147-43D9-ACC9-56A9984496A0}.Debug|Any CPU.ActiveCfg = Debug|Any CPU
		{CBECA365-8147-43D9-ACC9-56A9984496A0}.Debug|Any CPU.Build.0 = Debug|Any CPU
		{CBECA365-8147-43D9-ACC9-56A9984496A0}.Release|Any CPU.ActiveCfg = Release|Any CPU
		{CBECA365-8147-43D9-ACC9-56A9984496A0}.Release|Any CPU.Build.0 = Release|Any CPU
		{12C52778-8613-4BCC-80CA-F71F30AF61E4}.Debug|Any CPU.ActiveCfg = Debug|Any CPU
		{12C52778-8613-4BCC-80CA-F71F30AF61E4}.Debug|Any CPU.Build.0 = Debug|Any CPU
		{12C52778-8613-4BCC-80CA-F71F30AF61E4}.Release|Any CPU.ActiveCfg = Release|Any CPU
		{12C52778-8613-4BCC-80CA-F71F30AF61E4}.Release|Any CPU.Build.0 = Release|Any CPU
	EndGlobalSection
	GlobalSection(SolutionProperties) = preSolution
		HideSolutionNode = FALSE
	EndGlobalSection
	GlobalSection(ExtensibilityGlobals) = postSolution
		SolutionGuid = {123990EC-20E6-412F-AC84-64A5141329E7}
	EndGlobalSection
EndGlobal
